
Microsoft Visual Studio Solution File, Format Version 12.00
# Visual Studio 15
VisualStudioVersion = 15.0.28307.271
MinimumVisualStudioVersion = 10.0.40219.1
Project("{151D2E53-A2C4-4D7D-83FE-D05416EBD58E}") = "AzureVNetRetry", "AzureVNetRetry\AzureVNetRetry.deployproj", "{3FFCBF6B-6442-424D-B9B3-7CD2CD5C664D}"
EndProject
Global
	GlobalSection(SolutionConfigurationPlatforms) = preSolution
		Debug|Any CPU = Debug|Any CPU
		Release|Any CPU = Release|Any CPU
	EndGlobalSection
	GlobalSection(ProjectConfigurationPlatforms) = postSolution
		{3FFCBF6B-6442-424D-B9B3-7CD2CD5C664D}.Debug|Any CPU.ActiveCfg = Debug|Any CPU
		{3FFCBF6B-6442-424D-B9B3-7CD2CD5C664D}.Debug|Any CPU.Build.0 = Debug|Any CPU
		{3FFCBF6B-6442-424D-B9B3-7CD2CD5C664D}.Release|Any CPU.ActiveCfg = Release|Any CPU
		{3FFCBF6B-6442-424D-B9B3-7CD2CD5C664D}.Release|Any CPU.Build.0 = Release|Any CPU
	EndGlobalSection
	GlobalSection(SolutionProperties) = preSolution
		HideSolutionNode = FALSE
	EndGlobalSection
	GlobalSection(ExtensibilityGlobals) = postSolution
		SolutionGuid = {0A9521BC-D0A6-4092-96D7-7AB7BF58A018}
	EndGlobalSection
EndGlobal
